
Microsoft Visual Studio Solution File, Format Version 12.00
# Visual Studio Version 17
VisualStudioVersion = 17.5.002.0
MinimumVisualStudioVersion = 10.0.40219.1
Project("{2150E333-8FDC-42A3-9474-1A3956D46DE8}") = "csharp-prep", "csharp-prep", "{9BBBF87A-2341-4BD4-90A8-439CE92CFBC5}"
EndProject
Project("{9A19103F-16F7-4668-BE54-9A1E7A4F7556}") = "Prep1", "csharp-prep\Prep1\Prep1.csproj", "{E9852B6F-D27E-434C-8937-9DFA36AEEB8A}"
EndProject
Project("{9A19103F-16F7-4668-BE54-9A1E7A4F7556}") = "Prep2", "csharp-prep\Prep2\Prep2.csproj", "{CF90B3F1-1BA5-4D69-AAA0-9D9239421B3A}"
EndProject
Project("{9A19103F-16F7-4668-BE54-9A1E7A4F7556}") = "Prep3", "csharp-prep\Prep3\Prep3.csproj", "{6F916813-92FD-48BC-B538-A8E467AC328B}"
EndProject
Project("{9A19103F-16F7-4668-BE54-9A1E7A4F7556}") = "Prep4", "csharp-prep\Prep4\Prep4.csproj", "{BF8F294B-F198-41CA-BFD8-9472BC96DE61}"
EndProject
Project("{9A19103F-16F7-4668-BE54-9A1E7A4F7556}") = "Prep5", "csharp-prep\Prep5\Prep5.csproj", "{9FEB1D7A-4E5E-45B3-8BE2-A94DDADE6EA8}"
EndProject
Project("{2150E333-8FDC-42A3-9474-1A3956D46DE8}") = "foundation", "foundation", "{23ED9F74-2A11-4B4D-B503-886F7DD4CBCB}"
EndProject
Project("{9A19103F-16F7-4668-BE54-9A1E7A4F7556}") = "Foundation1", "foundation\Foundation1\Foundation1.csproj", "{E5F46246-D373-41E7-A805-712EF2F1B3AD}"
EndProject
Project("{9A19103F-16F7-4668-BE54-9A1E7A4F7556}") = "Foundation2", "foundation\Foundation2\Foundation2.csproj", "{8C94F1BD-A27E-4BBC-9859-9C4E7E22AE3A}"
EndProject
Project("{9A19103F-16F7-4668-BE54-9A1E7A4F7556}") = "Foundation3", "foundation\Foundation3\Foundation3.csproj", "{E43BDB57-EF0C-43A4-9F39-D27C55EF2A30}"
EndProject
Project("{2150E333-8FDC-42A3-9474-1A3956D46DE8}") = "prepare", "prepare", "{0E53DB93-E353-4997-8EA4-A8317A31C147}"
EndProject
Project("{9A19103F-16F7-4668-BE54-9A1E7A4F7556}") = "Learning02", "prepare\Learning02\Learning02.csproj", "{37FECA36-22EF-476D-A96D-F9A522FED483}"
EndProject
Project("{9A19103F-16F7-4668-BE54-9A1E7A4F7556}") = "Learning03", "prepare\Learning03\Learning03.csproj", "{7F811DB0-E4A3-4B9D-96BE-471EA64CD549}"
EndProject
Project("{9A19103F-16F7-4668-BE54-9A1E7A4F7556}") = "Learning05", "prepare\Learning05\Learning05.csproj", "{3032A045-8D20-4FD5-8CBB-9E47D71C7491}"
EndProject
Project("{9A19103F-16F7-4668-BE54-9A1E7A4F7556}") = "Learning06", "prepare\Learning06\Learning06.csproj", "{0B945BFD-1B54-4039-B934-5D042C9C3B1A}"
EndProject
Project("{2150E333-8FDC-42A3-9474-1A3956D46DE8}") = "prove", "prove", "{B2D9CF5B-A16F-4255-B898-C3B9E9290A41}"
EndProject
Project("{9A19103F-16F7-4668-BE54-9A1E7A4F7556}") = "Develop02", "prove\Develop02\Develop02.csproj", "{F4B62057-C593-41BB-AEC7-5379CA908430}"
EndProject
Project("{9A19103F-16F7-4668-BE54-9A1E7A4F7556}") = "Develop03", "prove\Develop03\Develop03.csproj", "{BCC3901A-A665-4E20-8FF5-21EE2B9C9B0C}"
EndProject
Project("{9A19103F-16F7-4668-BE54-9A1E7A4F7556}") = "Develop05", "prove\Develop05\Develop05.csproj", "{ADD76AD1-5F0D-4C05-A338-F1361C20C631}"
EndProject
Project("{9A19103F-16F7-4668-BE54-9A1E7A4F7556}") = "Develop06", "prove\Develop06\Develop06.csproj", "{2A39039B-8B03-41B3-A2B5-E988C35F15AD}"
EndProject
Project("{2150E333-8FDC-42A3-9474-1A3956D46DE8}") = "sandbox", "sandbox", "{D9682E40-CAAA-47DC-BDC3-8EB2429F6764}"
EndProject
Project("{9A19103F-16F7-4668-BE54-9A1E7A4F7556}") = "Sandbox", "sandbox\Sandbox\Sandbox.csproj", "{F779D37F-E944-4D1E-858E-04B23C43E115}"
EndProject
Global
	GlobalSection(SolutionConfigurationPlatforms) = preSolution
		Debug|Any CPU = Debug|Any CPU
		Release|Any CPU = Release|Any CPU
	EndGlobalSection
	GlobalSection(ProjectConfigurationPlatforms) = postSolution
		{E9852B6F-D27E-434C-8937-9DFA36AEEB8A}.Debug|Any CPU.ActiveCfg = Debug|Any CPU
		{E9852B6F-D27E-434C-8937-9DFA36AEEB8A}.Debug|Any CPU.Build.0 = Debug|Any CPU
		{E9852B6F-D27E-434C-8937-9DFA36AEEB8A}.Release|Any CPU.ActiveCfg = Release|Any CPU
		{E9852B6F-D27E-434C-8937-9DFA36AEEB8A}.Release|Any CPU.Build.0 = Release|Any CPU
		{CF90B3F1-1BA5-4D69-AAA0-9D9239421B3A}.Debug|Any CPU.ActiveCfg = Debug|Any CPU
		{CF90B3F1-1BA5-4D69-AAA0-9D9239421B3A}.Debug|Any CPU.Build.0 = Debug|Any CPU
		{CF90B3F1-1BA5-4D69-AAA0-9D9239421B3A}.Release|Any CPU.ActiveCfg = Release|Any CPU
		{CF90B3F1-1BA5-4D69-AAA0-9D9239421B3A}.Release|Any CPU.Build.0 = Release|Any CPU
		{6F916813-92FD-48BC-B538-A8E467AC328B}.Debug|Any CPU.ActiveCfg = Debug|Any CPU
		{6F916813-92FD-48BC-B538-A8E467AC328B}.Debug|Any CPU.Build.0 = Debug|Any CPU
		{6F916813-92FD-48BC-B538-A8E467AC328B}.Release|Any CPU.ActiveCfg = Release|Any CPU
		{6F916813-92FD-48BC-B538-A8E467AC328B}.Release|Any CPU.Build.0 = Release|Any CPU
		{BF8F294B-F198-41CA-BFD8-9472BC96DE61}.Debug|Any CPU.ActiveCfg = Debug|Any CPU
		{BF8F294B-F198-41CA-BFD8-9472BC96DE61}.Debug|Any CPU.Build.0 = Debug|Any CPU
		{BF8F294B-F198-41CA-BFD8-9472BC96DE61}.Release|Any CPU.ActiveCfg = Release|Any CPU
		{BF8F294B-F198-41CA-BFD8-9472BC96DE61}.Release|Any CPU.Build.0 = Release|Any CPU
		{9FEB1D7A-4E5E-45B3-8BE2-A94DDADE6EA8}.Debug|Any CPU.ActiveCfg = Debug|Any CPU
		{9FEB1D7A-4E5E-45B3-8BE2-A94DDADE6EA8}.Debug|Any CPU.Build.0 = Debug|Any CPU
		{9FEB1D7A-4E5E-45B3-8BE2-A94DDADE6EA8}.Release|Any CPU.ActiveCfg = Release|Any CPU
		{9FEB1D7A-4E5E-45B3-8BE2-A94DDADE6EA8}.Release|Any CPU.Build.0 = Release|Any CPU
		{E5F46246-D373-41E7-A805-712EF2F1B3AD}.Debug|Any CPU.ActiveCfg = Debug|Any CPU
		{E5F46246-D373-41E7-A805-712EF2F1B3AD}.Debug|Any CPU.Build.0 = Debug|Any CPU
		{E5F46246-D373-41E7-A805-712EF2F1B3AD}.Release|Any CPU.ActiveCfg = Release|Any CPU
		{E5F46246-D373-41E7-A805-712EF2F1B3AD}.Release|Any CPU.Build.0 = Release|Any CPU
		{8C94F1BD-A27E-4BBC-9859-9C4E7E22AE3A}.Debug|Any CPU.ActiveCfg = Debug|Any CPU
		{8C94F1BD-A27E-4BBC-9859-9C4E7E22AE3A}.Debug|Any CPU.Build.0 = Debug|Any CPU
		{8C94F1BD-A27E-4BBC-9859-9C4E7E22AE3A}.Release|Any CPU.ActiveCfg = Release|Any CPU
		{8C94F1BD-A27E-4BBC-9859-9C4E7E22AE3A}.Release|Any CPU.Build.0 = Release|Any CPU
		{E43BDB57-EF0C-43A4-9F39-D27C55EF2A30}.Debug|Any CPU.ActiveCfg = Debug|Any CPU
		{E43BDB57-EF0C-43A4-9F39-D27C55EF2A30}.Debug|Any CPU.Build.0 = Debug|Any CPU
		{E43BDB57-EF0C-43A4-9F39-D27C55EF2A30}.Release|Any CPU.ActiveCfg = Release|Any CPU
		{E43BDB57-EF0C-43A4-9F39-D27C55EF2A30}.Release|Any CPU.Build.0 = Release|Any CPU
		{37FECA36-22EF-476D-A96D-F9A522FED483}.Debug|Any CPU.ActiveCfg = Debug|Any CPU
		{37FECA36-22EF-476D-A96D-F9A522FED483}.Debug|Any CPU.Build.0 = Debug|Any CPU
		{37FECA36-22EF-476D-A96D-F9A522FED483}.Release|Any CPU.ActiveCfg = Release|Any CPU
		{37FECA36-22EF-476D-A96D-F9A522FED483}.Release|Any CPU.Build.0 = Release|Any CPU
		{7F811DB0-E4A3-4B9D-96BE-471EA64CD549}.Debug|Any CPU.ActiveCfg = Debug|Any CPU
		{7F811DB0-E4A3-4B9D-96BE-471EA64CD549}.Debug|Any CPU.Build.0 = Debug|Any CPU
		{7F811DB0-E4A3-4B9D-96BE-471EA64CD549}.Release|Any CPU.ActiveCfg = Release|Any CPU
		{7F811DB0-E4A3-4B9D-96BE-471EA64CD549}.Release|Any CPU.Build.0 = Release|Any CPU
		{3032A045-8D20-4FD5-8CBB-9E47D71C7491}.Debug|Any CPU.ActiveCfg = Debug|Any CPU
		{3032A045-8D20-4FD5-8CBB-9E47D71C7491}.Debug|Any CPU.Build.0 = Debug|Any CPU
		{3032A045-8D20-4FD5-8CBB-9E47D71C7491}.Release|Any CPU.ActiveCfg = Release|Any CPU
		{3032A045-8D20-4FD5-8CBB-9E47D71C7491}.Release|Any CPU.Build.0 = Release|Any CPU
		{0B945BFD-1B54-4039-B934-5D042C9C3B1A}.Debug|Any CPU.ActiveCfg = Debug|Any CPU
		{0B945BFD-1B54-4039-B934-5D042C9C3B1A}.Debug|Any CPU.Build.0 = Debug|Any CPU
		{0B945BFD-1B54-4039-B934-5D042C9C3B1A}.Release|Any CPU.ActiveCfg = Release|Any CPU
		{0B945BFD-1B54-4039-B934-5D042C9C3B1A}.Release|Any CPU.Build.0 = Release|Any CPU
		{F4B62057-C593-41BB-AEC7-5379CA908430}.Debug|Any CPU.ActiveCfg = Debug|Any CPU
		{F4B62057-C593-41BB-AEC7-5379CA908430}.Debug|Any CPU.Build.0 = Debug|Any CPU
		{F4B62057-C593-41BB-AEC7-5379CA908430}.Release|Any CPU.ActiveCfg = Release|Any CPU
		{F4B62057-C593-41BB-AEC7-5379CA908430}.Release|Any CPU.Build.0 = Release|Any CPU
		{BCC3901A-A665-4E20-8FF5-21EE2B9C9B0C}.Debug|Any CPU.ActiveCfg = Debug|Any CPU
		{BCC3901A-A665-4E20-8FF5-21EE2B9C9B0C}.Debug|Any CPU.Build.0 = Debug|Any CPU
		{BCC3901A-A665-4E20-8FF5-21EE2B9C9B0C}.Release|Any CPU.ActiveCfg = Release|Any CPU
		{BCC3901A-A665-4E20-8FF5-21EE2B9C9B0C}.Release|Any CPU.Build.0 = Release|Any CPU
		{ADD76AD1-5F0D-4C05-A338-F1361C20C631}.Debug|Any CPU.ActiveCfg = Debug|Any CPU
		{ADD76AD1-5F0D-4C05-A338-F1361C20C631}.Debug|Any CPU.Build.0 = Debug|Any CPU
		{ADD76AD1-5F0D-4C05-A338-F1361C20C631}.Release|Any CPU.ActiveCfg = Release|Any CPU
		{ADD76AD1-5F0D-4C05-A338-F1361C20C631}.Release|Any CPU.Build.0 = Release|Any CPU
		{2A39039B-8B03-41B3-A2B5-E988C35F15AD}.Debug|Any CPU.ActiveCfg = Debug|Any CPU
		{2A39039B-8B03-41B3-A2B5-E988C35F15AD}.Debug|Any CPU.Build.0 = Debug|Any CPU
		{2A39039B-8B03-41B3-A2B5-E988C35F15AD}.Release|Any CPU.ActiveCfg = Release|Any CPU
		{2A39039B-8B03-41B3-A2B5-E988C35F15AD}.Release|Any CPU.Build.0 = Release|Any CPU
		{F779D37F-E944-4D1E-858E-04B23C43E115}.Debug|Any CPU.ActiveCfg = Debug|Any CPU
		{F779D37F-E944-4D1E-858E-04B23C43E115}.Debug|Any CPU.Build.0 = Debug|Any CPU
		{F779D37F-E944-4D1E-858E-04B23C43E115}.Release|Any CPU.ActiveCfg = Release|Any CPU
		{F779D37F-E944-4D1E-858E-04B23C43E115}.Release|Any CPU.Build.0 = Release|Any CPU
	EndGlobalSection
	GlobalSection(SolutionProperties) = preSolution
		HideSolutionNode = FALSE
	EndGlobalSection
	GlobalSection(NestedProjects) = preSolution
		{E9852B6F-D27E-434C-8937-9DFA36AEEB8A} = {9BBBF87A-2341-4BD4-90A8-439CE92CFBC5}
		{CF90B3F1-1BA5-4D69-AAA0-9D9239421B3A} = {9BBBF87A-2341-4BD4-90A8-439CE92CFBC5}
		{6F916813-92FD-48BC-B538-A8E467AC328B} = {9BBBF87A-2341-4BD4-90A8-439CE92CFBC5}
		{BF8F294B-F198-41CA-BFD8-9472BC96DE61} = {9BBBF87A-2341-4BD4-90A8-439CE92CFBC5}
		{9FEB1D7A-4E5E-45B3-8BE2-A94DDADE6EA8} = {9BBBF87A-2341-4BD4-90A8-439CE92CFBC5}
		{E5F46246-D373-41E7-A805-712EF2F1B3AD} = {23ED9F74-2A11-4B4D-B503-886F7DD4CBCB}
		{8C94F1BD-A27E-4BBC-9859-9C4E7E22AE3A} = {23ED9F74-2A11-4B4D-B503-886F7DD4CBCB}
		{E43BDB57-EF0C-43A4-9F39-D27C55EF2A30} = {23ED9F74-2A11-4B4D-B503-886F7DD4CBCB}
		{37FECA36-22EF-476D-A96D-F9A522FED483} = {0E53DB93-E353-4997-8EA4-A8317A31C147}
		{7F811DB0-E4A3-4B9D-96BE-471EA64CD549} = {0E53DB93-E353-4997-8EA4-A8317A31C147}
		{3032A045-8D20-4FD5-8CBB-9E47D71C7491} = {0E53DB93-E353-4997-8EA4-A8317A31C147}
		{0B945BFD-1B54-4039-B934-5D042C9C3B1A} = {0E53DB93-E353-4997-8EA4-A8317A31C147}
		{F4B62057-C593-41BB-AEC7-5379CA908430} = {B2D9CF5B-A16F-4255-B898-C3B9E9290A41}
		{BCC3901A-A665-4E20-8FF5-21EE2B9C9B0C} = {B2D9CF5B-A16F-4255-B898-C3B9E9290A41}
		{ADD76AD1-5F0D-4C05-A338-F1361C20C631} = {B2D9CF5B-A16F-4255-B898-C3B9E9290A41}
		{2A39039B-8B03-41B3-A2B5-E988C35F15AD} = {B2D9CF5B-A16F-4255-B898-C3B9E9290A41}
		{F779D37F-E944-4D1E-858E-04B23C43E115} = {D9682E40-CAAA-47DC-BDC3-8EB2429F6764}
	EndGlobalSection
	GlobalSection(ExtensibilityGlobals) = postSolution
		SolutionGuid = {42FAA95F-E4BC-44CF-B04E-532652E08BD0}
	EndGlobalSection
EndGlobal
